PODS:
  - Cards (1.2.0):
    - Player
  - Player (0.8.3)

DEPENDENCIES:
  - Cards (from `../`)

EXTERNAL SOURCES:
  Cards:
    :path: ../

SPEC CHECKSUMS:
  Cards: 6cb07d9035eacc798d782ec0ad7d0106fd590520
  Player: ce00516fdce5a44c644697200244bc4de7e50a24

PODFILE CHECKSUM: 66c24c1b8245f9c4675ee2f2758c5c5828d00058

COCOAPODS: 1.3.1
