// !$*UTF8*$!
{
	archiveVersion = 1;
	classes = {
	};
	objectVersion = 48;
	objects = {

/* Begin PBXBuildFile section */
		6D0C91591FA8BF350073554B /* ArticleViewController.swift in Sources */ = {isa = PBXBuildFile; fileRef = 6D0C91581FA8BF350073554B /* ArticleViewController.swift */; };
		6D1F24521FACC2E6002E41FF /* CardContentViewController.swift in Sources */ = {isa = PBXBuildFile; fileRef = 6D1F24511FACC2E6002E41FF /* CardContentViewController.swift */; };
		6D37D92C1FA8852C00B33EA0 /* GroupViewController.swift in Sources */ = {isa = PBXBuildFile; fileRef = 6D37D92B1FA8852C00B33EA0 /* GroupViewController.swift */; };
		6D3CD3421F9BDE0D00C0592C /* Assets.xcassets in Resources */ = {isa = PBXBuildFile; fileRef = 6D3CD3411F9BDE0D00C0592C /* Assets.xcassets */; };
		6D436D571F9BD34600B05FA6 /* AppDelegate.swift in Sources */ = {isa = PBXBuildFile; fileRef = 6D436D561F9BD34600B05FA6 /* AppDelegate.swift */; };
		6D436D611F9BD34600B05FA6 /* LaunchScreen.storyboard in Resources */ = {isa = PBXBuildFile; fileRef = 6D436D5F1F9BD34600B05FA6 /* LaunchScreen.storyboard */; };
		6D965BA21FA7974100705AAA /* Main.storyboard in Resources */ = {isa = PBXBuildFile; fileRef = 6D965BA01FA7974100705AAA /* Main.storyboard */; };
		6D965BA41FA79A6300705AAA /* HighlightViewController.swift in Sources */ = {isa = PBXBuildFile; fileRef = 6D965BA31FA79A6300705AAA /* HighlightViewController.swift */; };
		6D965BA81FA7B6DD00705AAA /* PlayerViewController.swift in Sources */ = {isa = PBXBuildFile; fileRef = 6D965BA71FA7B6DD00705AAA /* PlayerViewController.swift */; };
		6DEE676E2115989400FF2EB4 /* ListTableViewController.swift in Sources */ = {isa = PBXBuildFile; fileRef = 6DEE676D2115989400FF2EB4 /* ListTableViewController.swift */; };
		6FDABBFFC80A25A8DEEFE3E3 /* Pods_Demo.framework in Frameworks */ = {isa = PBXBuildFile; fileRef = 8DB13C5E8ADDE29D425A8FEC /* Pods_Demo.framework */; };
/* End PBXBuildFile section */

/* Begin PBXFileReference section */
		38CFFDBE6D3C33B1A464184C /* Pods-Demo.debug.xcconfig */ = {isa = PBXFileReference; includeInIndex = 1; lastKnownFileType = text.xcconfig; name = "Pods-Demo.debug.xcconfig"; path = "Pods/Target Support Files/Pods-Demo/Pods-Demo.debug.xcconfig"; sourceTree = "<group>"; };
		6D0C91581FA8BF350073554B /* ArticleViewController.swift */ = {isa = PBXFileReference; lastKnownFileType = sourcecode.swift; path = ArticleViewController.swift; sourceTree = "<group>"; };
		6D1F24511FACC2E6002E41FF /* CardContentViewController.swift */ = {isa = PBXFileReference; lastKnownFileType = sourcecode.swift; path = CardContentViewController.swift; sourceTree = "<group>"; };
		6D37D92B1FA8852C00B33EA0 /* GroupViewController.swift */ = {isa = PBXFileReference; lastKnownFileType = sourcecode.swift; path = GroupViewController.swift; sourceTree = "<group>"; };
		6D3CD3321F9BD40B00C0592C /* Cards.podspec */ = {isa = PBXFileReference; fileEncoding = 4; lastKnownFileType = text; name = Cards.podspec; path = ../Cards.podspec; sourceTree = "<group>"; };
		6D3CD3411F9BDE0D00C0592C /* Assets.xcassets */ = {isa = PBXFileReference; lastKnownFileType = folder.assetcatalog; path = Assets.xcassets; sourceTree = "<group>"; };
		6D436D531F9BD34600B05FA6 /* Demo.app */ = {isa = PBXFileReference; explicitFileType = wrapper.application; includeInIndex = 0; path = Demo.app; sourceTree = BUILT_PRODUCTS_DIR; };
		6D436D561F9BD34600B05FA6 /* AppDelegate.swift */ = {isa = PBXFileReference; lastKnownFileType = sourcecode.swift; path = AppDelegate.swift; sourceTree = "<group>"; };
		6D436D601F9BD34600B05FA6 /* Base */ = {isa = PBXFileReference; lastKnownFileType = file.storyboard; name = Base; path = Base.lproj/LaunchScreen.storyboard; sourceTree = "<group>"; };
		6D436D621F9BD34600B05FA6 /* Info.plist */ = {isa = PBXFileReference; lastKnownFileType = text.plist.xml; path = Info.plist; sourceTree = "<group>"; };
		6D965BA11FA7974100705AAA /* Base */ = {isa = PBXFileReference; lastKnownFileType = file.storyboard; name = Base; path = Base.lproj/Main.storyboard; sourceTree = "<group>"; };
		6D965BA31FA79A6300705AAA /* HighlightViewController.swift */ = {isa = PBXFileReference; lastKnownFileType = sourcecode.swift; path = HighlightViewController.swift; sourceTree = "<group>"; };
		6D965BA71FA7B6DD00705AAA /* PlayerViewController.swift */ = {isa = PBXFileReference; lastKnownFileType = sourcecode.swift; path = PlayerViewController.swift; sourceTree = "<group>"; };
		6DEE676D2115989400FF2EB4 /* ListTableViewController.swift */ = {isa = PBXFileReference; lastKnownFileType = sourcecode.swift; path = ListTableViewController.swift; sourceTree = "<group>"; };
		8DB13C5E8ADDE29D425A8FEC /* Pods_Demo.framework */ = {isa = PBXFileReference; explicitFileType = wrapper.framework; includeInIndex = 0; path = Pods_Demo.framework; sourceTree = BUILT_PRODUCTS_DIR; };
		A67AFDB912F87244FCB0C745 /* Pods-Demo.release.xcconfig */ = {isa = PBXFileReference; includeInIndex = 1; lastKnownFileType = text.xcconfig; name = "Pods-Demo.release.xcconfig"; path = "Pods/Target Support Files/Pods-Demo/Pods-Demo.release.xcconfig"; sourceTree = "<group>"; };
/* End PBXFileReference section */

/* Begin PBXFrameworksBuildPhase section */
		6D436D501F9BD34600B05FA6 /* Frameworks */ = {
			isa = PBXFrameworksBuildPhase;
			buildActionMask = 2147483647;
			files = (
				6FDABBFFC80A25A8DEEFE3E3 /* Pods_Demo.framework in Frameworks */,
			);
			runOnlyForDeploymentPostprocessing = 0;
		};
/* End PBXFrameworksBuildPhase section */

/* Begin PBXGroup section */
		6D436D4A1F9BD34600B05FA6 = {
			isa = PBXGroup;
			children = (
				6D3CD3321F9BD40B00C0592C /* Cards.podspec */,
				6D436D551F9BD34600B05FA6 /* Demo */,
				6D436D541F9BD34600B05FA6 /* Products */,
				8F906564362B7B6F05CF3756 /* Pods */,
				AAC894ED1B64C9E66AF9ECEC /* Frameworks */,
			);
			sourceTree = "<group>";
		};
		6D436D541F9BD34600B05FA6 /* Products */ = {
			isa = PBXGroup;
			children = (
				6D436D531F9BD34600B05FA6 /* Demo.app */,
			);
			name = Products;
			sourceTree = "<group>";
		};
		6D436D551F9BD34600B05FA6 /* Demo */ = {
			isa = PBXGroup;
			children = (
				6D436D561F9BD34600B05FA6 /* AppDelegate.swift */,
				6D965BA51FA79A6800705AAA /* ViewControllers */,
				6D965BA61FA79A8D00705AAA /* Storyboards */,
				6D3CD3411F9BDE0D00C0592C /* Assets.xcassets */,
				6D436D621F9BD34600B05FA6 /* Info.plist */,
			);
			path = Demo;
			sourceTree = "<group>";
		};
		6D965BA51FA79A6800705AAA /* ViewControllers */ = {
			isa = PBXGroup;
			children = (
				6D965BA31FA79A6300705AAA /* HighlightViewController.swift */,
				6D965BA71FA7B6DD00705AAA /* PlayerViewController.swift */,
				6D37D92B1FA8852C00B33EA0 /* GroupViewController.swift */,
				6D0C91581FA8BF350073554B /* ArticleViewController.swift */,
				6D1F24511FACC2E6002E41FF /* CardContentViewController.swift */,
				6DEE676D2115989400FF2EB4 /* ListTableViewController.swift */,
			);
			path = ViewControllers;
			sourceTree = "<group>";
		};
		6D965BA61FA79A8D00705AAA /* Storyboards */ = {
			isa = PBXGroup;
			children = (
				6D965BA01FA7974100705AAA /* Main.storyboard */,
				6D436D5F1F9BD34600B05FA6 /* LaunchScreen.storyboard */,
			);
			path = Storyboards;
			sourceTree = "<group>";
		};
		8F906564362B7B6F05CF3756 /* Pods */ = {
			isa = PBXGroup;
			children = (
				38CFFDBE6D3C33B1A464184C /* Pods-Demo.debug.xcconfig */,
				A67AFDB912F87244FCB0C745 /* Pods-Demo.release.xcconfig */,
			);
			name = Pods;
			sourceTree = "<group>";
		};
		AAC894ED1B64C9E66AF9ECEC /* Frameworks */ = {
			isa = PBXGroup;
			children = (
				8DB13C5E8ADDE29D425A8FEC /* Pods_Demo.framework */,
			);
			name = Frameworks;
			sourceTree = "<group>";
		};
/* End PBXGroup section */

/* Begin PBXNativeTarget section */
		6D436D521F9BD34600B05FA6 /* Demo */ = {
			isa = PBXNativeTarget;
			buildConfigurationList = 6D436D651F9BD34600B05FA6 /* Build configuration list for PBXNativeTarget "Demo" */;
			buildPhases = (
				93015ADBE87A8D2AB5D07F95 /* [CP] Check Pods Manifest.lock */,
				6D436D4F1F9BD34600B05FA6 /* Sources */,
				6D436D501F9BD34600B05FA6 /* Frameworks */,
				6D436D511F9BD34600B05FA6 /* Resources */,
				F00B028E32056EAAB78B17B6 /* [CP] Embed Pods Frameworks */,
				1F4F32B159D4D16417DBCB18 /* [CP] Copy Pods Resources */,
			);
			buildRules = (
			);
			dependencies = (
			);
			name = Demo;
			productName = Demo;
			productReference = 6D436D531F9BD34600B05FA6 /* Demo.app */;
			productType = "com.apple.product-type.application";
		};
/* End PBXNativeTarget section */

/* Begin PBXProject section */
		6D436D4B1F9BD34600B05FA6 /* Project object */ = {
			isa = PBXProject;
			attributes = {
				LastSwiftUpdateCheck = 0900;
				LastUpgradeCheck = 1000;
				ORGANIZATIONNAME = "Paolo Cuscela";
				TargetAttributes = {
					6D436D521F9BD34600B05FA6 = {
						CreatedOnToolsVersion = 9.0.1;
						LastSwiftMigration = 1000;
						ProvisioningStyle = Automatic;
					};
				};
			};
			buildConfigurationList = 6D436D4E1F9BD34600B05FA6 /* Build configuration list for PBXProject "Demo" */;
			compatibilityVersion = "Xcode 8.0";
			developmentRegion = en;
			hasScannedForEncodings = 0;
			knownRegions = (
				en,
				Base,
			);
			mainGroup = 6D436D4A1F9BD34600B05FA6;
			productRefGroup = 6D436D541F9BD34600B05FA6 /* Products */;
			projectDirPath = "";
			projectRoot = "";
			targets = (
				6D436D521F9BD34600B05FA6 /* Demo */,
			);
		};
/* End PBXProject section */

/* Begin PBXResourcesBuildPhase section */
		6D436D511F9BD34600B05FA6 /* Resources */ = {
			isa = PBXResourcesBuildPhase;
			buildActionMask = 2147483647;
			files = (
				6D965BA21FA7974100705AAA /* Main.storyboard in Resources */,
				6D3CD3421F9BDE0D00C0592C /* Assets.xcassets in Resources */,
				6D436D611F9BD34600B05FA6 /* LaunchScreen.storyboard in Resources */,
			);
			runOnlyForDeploymentPostprocessing = 0;
		};
/* End PBXResourcesBuildPhase section */

/* Begin PBXShellScriptBuildPhase section */
		1F4F32B159D4D16417DBCB18 /* [CP] Copy Pods Resources */ = {
			isa = PBXShellScriptBuildPhase;
			buildActionMask = 2147483647;
			files = (
			);
			inputPaths = (
			);
			name = "[CP] Copy Pods Resources";
			outputPaths = (
			);
			runOnlyForDeploymentPostprocessing = 0;
			shellPath = /bin/sh;
			shellScript = "\"${SRCROOT}/Pods/Target Support Files/Pods-Demo/Pods-Demo-resources.sh\"\n";
			showEnvVarsInLog = 0;
		};
		93015ADBE87A8D2AB5D07F95 /* [CP] Check Pods Manifest.lock */ = {
			isa = PBXShellScriptBuildPhase;
			buildActionMask = 2147483647;
			files = (
			);
			inputPaths = (
				"${PODS_PODFILE_DIR_PATH}/Podfile.lock",
				"${PODS_ROOT}/Manifest.lock",
			);
			name = "[CP] Check Pods Manifest.lock";
			outputPaths = (
				"$(DERIVED_FILE_DIR)/Pods-Demo-checkManifestLockResult.txt",
			);
			runOnlyForDeploymentPostprocessing = 0;
			shellPath = /bin/sh;
			shellScript = "diff \"${PODS_PODFILE_DIR_PATH}/Podfile.lock\" \"${PODS_ROOT}/Manifest.lock\" > /dev/null\nif [ $? != 0 ] ; then\n    # print error to STDERR\n    echo \"error: The sandbox is not in sync with the Podfile.lock. Run 'pod install' or update your CocoaPods installation.\" >&2\n    exit 1\nfi\n# This output is used by Xcode 'outputs' to avoid re-running this script phase.\necho \"SUCCESS\" > \"${SCRIPT_OUTPUT_FILE_0}\"\n";
			showEnvVarsInLog = 0;
		};
		F00B028E32056EAAB78B17B6 /* [CP] Embed Pods Frameworks */ = {
			isa = PBXShellScriptBuildPhase;
			buildActionMask = 2147483647;
			files = (
			);
			inputPaths = (
				"${SRCROOT}/Pods/Target Support Files/Pods-Demo/Pods-Demo-frameworks.sh",
				"${BUILT_PRODUCTS_DIR}/Cards/Cards.framework",
				"${BUILT_PRODUCTS_DIR}/Player/Player.framework",
			);
			name = "[CP] Embed Pods Frameworks";
			outputPaths = (
				"${TARGET_BUILD_DIR}/${FRAMEWORKS_FOLDER_PATH}/Cards.framework",
				"${TARGET_BUILD_DIR}/${FRAMEWORKS_FOLDER_PATH}/Player.framework",
			);
			runOnlyForDeploymentPostprocessing = 0;
			shellPath = /bin/sh;
			shellScript = "\"${SRCROOT}/Pods/Target Support Files/Pods-Demo/Pods-Demo-frameworks.sh\"\n";
			showEnvVarsInLog = 0;
		};
/* End PBXShellScriptBuildPhase section */

/* Begin PBXSourcesBuildPhase section */
		6D436D4F1F9BD34600B05FA6 /* Sources */ = {
			isa = PBXSourcesBuildPhase;
			buildActionMask = 2147483647;
			files = (
				6DEE676E2115989400FF2EB4 /* ListTableViewController.swift in Sources */,
				6D37D92C1FA8852C00B33EA0 /* GroupViewController.swift in Sources */,
				6D436D571F9BD34600B05FA6 /* AppDelegate.swift in Sources */,
				6D0C91591FA8BF350073554B /* ArticleViewController.swift in Sources */,
				6D1F24521FACC2E6002E41FF /* CardContentViewController.swift in Sources */,
				6D965BA41FA79A6300705AAA /* HighlightViewController.swift in Sources */,
				6D965BA81FA7B6DD00705AAA /* PlayerViewController.swift in Sources */,
			);
			runOnlyForDeploymentPostprocessing = 0;
		};
/* End PBXSourcesBuildPhase section */

/* Begin PBXVariantGroup section */
		6D436D5F1F9BD34600B05FA6 /* LaunchScreen.storyboard */ = {
			isa = PBXVariantGroup;
			children = (
				6D436D601F9BD34600B05FA6 /* Base */,
			);
			name = LaunchScreen.storyboard;
			sourceTree = "<group>";
		};
		6D965BA01FA7974100705AAA /* Main.storyboard */ = {
			isa = PBXVariantGroup;
			children = (
				6D965BA11FA7974100705AAA /* Base */,
			);
			name = Main.storyboard;
			sourceTree = "<group>";
		};
/* End PBXVariantGroup section */

/* Begin XCBuildConfiguration section */
		6D436D631F9BD34600B05FA6 /* Debug */ = {
			isa = XCBuildConfiguration;
			buildSettings = {
				ALWAYS_SEARCH_USER_PATHS = NO;
				CLANG_ANALYZER_NONNULL = YES;
				CLANG_ANALYZER_NUMBER_OBJECT_CONVERSION = YES_AGGRESSIVE;
				CLANG_CXX_LANGUAGE_STANDARD = "gnu++14";
				CLANG_CXX_LIBRARY = "libc++";
				CLANG_ENABLE_MODULES = YES;
				CLANG_ENABLE_OBJC_ARC = YES;
				CLANG_WARN_BLOCK_CAPTURE_AUTORELEASING = YES;
				CLANG_WARN_BOOL_CONVERSION = YES;
				CLANG_WARN_COMMA = YES;
				CLANG_WARN_CONSTANT_CONVERSION = YES;
				CLANG_WARN_DEPRECATED_OBJC_IMPLEMENTATIONS = YES;
				CLANG_WARN_DIRECT_OBJC_ISA_USAGE = YES_ERROR;
				CLANG_WARN_DOCUMENTATION_COMMENTS = YES;
				CLANG_WARN_EMPTY_BODY = YES;
				CLANG_WARN_ENUM_CONVERSION = YES;
				CLANG_WARN_INFINITE_RECURSION = YES;
				CLANG_WARN_INT_CONVERSION = YES;
				CLANG_WARN_NON_LITERAL_NULL_CONVERSION = YES;
				CLANG_WARN_OBJC_IMPLICIT_RETAIN_SELF = YES;
				CLANG_WARN_OBJC_LITERAL_CONVERSION = YES;
				CLANG_WARN_OBJC_ROOT_CLASS = YES_ERROR;
				CLANG_WARN_RANGE_LOOP_ANALYSIS = YES;
				CLANG_WARN_STRICT_PROTOTYPES = YES;
				CLANG_WARN_SUSPICIOUS_MOVE = YES;
				CLANG_WARN_UNGUARDED_AVAILABILITY = YES_AGGRESSIVE;
				CLANG_WARN_UNREACHABLE_CODE = YES;
				CLANG_WARN__DUPLICATE_METHOD_MATCH = YES;
				CODE_SIGN_IDENTITY = "iPhone Developer";
				COPY_PHASE_STRIP = NO;
				DEBUG_INFORMATION_FORMAT = dwarf;
				ENABLE_STRICT_OBJC_MSGSEND = YES;
				ENABLE_TESTABILITY = YES;
				GCC_C_LANGUAGE_STANDARD = gnu11;
				GCC_DYNAMIC_NO_PIC = NO;
				GCC_NO_COMMON_BLOCKS = YES;
				GCC_OPTIMIZATION_LEVEL = 0;
				GCC_PREPROCESSOR_DEFINITIONS = (
					"DEBUG=1",
					"$(inherited)",
				);
				GCC_WARN_64_TO_32_BIT_CONVERSION = YES;
				GCC_WARN_ABOUT_RETURN_TYPE = YES_ERROR;
				GCC_WARN_UNDECLARED_SELECTOR = YES;
				GCC_WARN_UNINITIALIZED_AUTOS = YES_AGGRESSIVE;
				GCC_WARN_UNUSED_FUNCTION = YES;
				GCC_WARN_UNUSED_VARIABLE = YES;
				IPHONEOS_DEPLOYMENT_TARGET = 11.0;
				MTL_ENABLE_DEBUG_INFO = YES;
				ONLY_ACTIVE_ARCH = YES;
				SDKROOT = iphoneos;
				SWIFT_ACTIVE_COMPILATION_CONDITIONS = DEBUG;
				SWIFT_OPTIMIZATION_LEVEL = "-Onone";
			};
			name = Debug;
		};
		6D436D641F9BD34600B05FA6 /* Release */ = {
			isa = XCBuildConfiguration;
			buildSettings = {
				ALWAYS_SEARCH_USER_PATHS = NO;
				CLANG_ANALYZER_NONNULL = YES;
				CLANG_ANALYZER_NUMBER_OBJECT_CONVERSION = YES_AGGRESSIVE;
				CLANG_CXX_LANGUAGE_STANDARD = "gnu++14";
				CLANG_CXX_LIBRARY = "libc++";
				CLANG_ENABLE_MODULES = YES;
				CLANG_ENABLE_OBJC_ARC = YES;
				CLANG_WARN_BLOCK_CAPTURE_AUTORELEASING = YES;
				CLANG_WARN_BOOL_CONVERSION = YES;
				CLANG_WARN_COMMA = YES;
				CLANG_WARN_CONSTANT_CONVERSION = YES;
				CLANG_WARN_DEPRECATED_OBJC_IMPLEMENTATIONS = YES;
				CLANG_WARN_DIRECT_OBJC_ISA_USAGE = YES_ERROR;
				CLANG_WARN_DOCUMENTATION_COMMENTS = YES;
				CLANG_WARN_EMPTY_BODY = YES;
				CLANG_WARN_ENUM_CONVERSION = YES;
				CLANG_WARN_INFINITE_RECURSION = YES;
				CLANG_WARN_INT_CONVERSION = YES;
				CLANG_WARN_NON_LITERAL_NULL_CONVERSION = YES;
				CLANG_WARN_OBJC_IMPLICIT_RETAIN_SELF = YES;
				CLANG_WARN_OBJC_LITERAL_CONVERSION = YES;
				CLANG_WARN_OBJC_ROOT_CLASS = YES_ERROR;
				CLANG_WARN_RANGE_LOOP_ANALYSIS = YES;
				CLANG_WARN_STRICT_PROTOTYPES = YES;
				CLANG_WARN_SUSPICIOUS_MOVE = YES;
				CLANG_WARN_UNGUARDED_AVAILABILITY = YES_AGGRESSIVE;
				CLANG_WARN_UNREACHABLE_CODE = YES;
				CLANG_WARN__DUPLICATE_METHOD_MATCH = YES;
				CODE_SIGN_IDENTITY = "iPhone Developer";
				COPY_PHASE_STRIP = NO;
				DEBUG_INFORMATION_FORMAT = "dwarf-with-dsym";
				ENABLE_NS_ASSERTIONS = NO;
				ENABLE_STRICT_OBJC_MSGSEND = YES;
				GCC_C_LANGUAGE_STANDARD = gnu11;
				GCC_NO_COMMON_BLOCKS = YES;
				GCC_WARN_64_TO_32_BIT_CONVERSION = YES;
				GCC_WARN_ABOUT_RETURN_TYPE = YES_ERROR;
				GCC_WARN_UNDECLARED_SELECTOR = YES;
				GCC_WARN_UNINITIALIZED_AUTOS = YES_AGGRESSIVE;
				GCC_WARN_UNUSED_FUNCTION = YES;
				GCC_WARN_UNUSED_VARIABLE = YES;
				IPHONEOS_DEPLOYMENT_TARGET = 11.0;
				MTL_ENABLE_DEBUG_INFO = NO;
				SDKROOT = iphoneos;
				SWIFT_OPTIMIZATION_LEVEL = "-Owholemodule";
				VALIDATE_PRODUCT = YES;
			};
			name = Release;
		};
		6D436D661F9BD34600B05FA6 /* Debug */ = {
			isa = XCBuildConfiguration;
			baseConfigurationReference = 38CFFDBE6D3C33B1A464184C /* Pods-Demo.debug.xcconfig */;
			buildSettings = {
				ASSETCATALOG_COMPILER_APPICON_NAME = AppIcon;
				"CODE_SIGN_IDENTITY[sdk=iphoneos*]" = "iPhone Developer";
				CODE_SIGN_STYLE = Automatic;
				DEVELOPMENT_TEAM = 292K3XX9N4;
				INFOPLIST_FILE = Demo/Info.plist;
				IPHONEOS_DEPLOYMENT_TARGET = 9.0;
				LD_RUNPATH_SEARCH_PATHS = "$(inherited) @executable_path/Frameworks";
				PRODUCT_BUNDLE_IDENTIFIER = com.Dmitry.cardsForkProject;
				PRODUCT_NAME = "$(TARGET_NAME)";
				PROVISIONING_PROFILE_SPECIFIER = "";
				SWIFT_VERSION = 4.2;
				TARGETED_DEVICE_FAMILY = "1,2";
			};
			name = Debug;
		};
		6D436D671F9BD34600B05FA6 /* Release */ = {
			isa = XCBuildConfiguration;
			baseConfigurationReference = A67AFDB912F87244FCB0C745 /* Pods-Demo.release.xcconfig */;
			buildSettings = {
				ASSETCATALOG_COMPILER_APPICON_NAME = AppIcon;
				"CODE_SIGN_IDENTITY[sdk=iphoneos*]" = "iPhone Developer";
				CODE_SIGN_STYLE = Automatic;
				DEVELOPMENT_TEAM = 292K3XX9N4;
				INFOPLIST_FILE = Demo/Info.plist;
				IPHONEOS_DEPLOYMENT_TARGET = 9.0;
				LD_RUNPATH_SEARCH_PATHS = "$(inherited) @executable_path/Frameworks";
				PRODUCT_BUNDLE_IDENTIFIER = com.Dmitry.cardsForkProject;
				PRODUCT_NAME = "$(TARGET_NAME)";
				PROVISIONING_PROFILE_SPECIFIER = "";
				SWIFT_VERSION = 4.2;
				TARGETED_DEVICE_FAMILY = "1,2";
			};
			name = Release;
		};
/* End XCBuildConfiguration section */

/* Begin XCConfigurationList section */
		6D436D4E1F9BD34600B05FA6 /* Build configuration list for PBXProject "Demo" */ = {
			isa = XCConfigurationList;
			buildConfigurations = (
				6D436D631F9BD34600B05FA6 /* Debug */,
				6D436D641F9BD34600B05FA6 /* Release */,
			);
			defaultConfigurationIsVisible = 0;
			defaultConfigurationName = Release;
		};
		6D436D651F9BD34600B05FA6 /* Build configuration list for PBXNativeTarget "Demo" */ = {
			isa = XCConfigurationList;
			buildConfigurations = (
				6D436D661F9BD34600B05FA6 /* Debug */,
				6D436D671F9BD34600B05FA6 /* Release */,
			);
			defaultConfigurationIsVisible = 0;
			defaultConfigurationName = Release;
		};
/* End XCConfigurationList section */
	};
	rootObject = 6D436D4B1F9BD34600B05FA6 /* Project object */;
}
