PODS:
  - Cards (1.3.1):
    - Player
  - Player (0.9.1)

DEPENDENCIES:
  - Cards (from `../`)

SPEC REPOS:
  https://github.com/cocoapods/specs.git:
    - Player

EXTERNAL SOURCES:
  Cards:
    :path: "../"

SPEC CHECKSUMS:
  Cards: 8d4e2021c5419932b8642f50e4d282df16af44d0
  Player: 939f9432361bfa944d9eaf3df1c783a1e3d6df81

PODFILE CHECKSUM: 1c52c57701e5a2124294248068eef20a103c5b0e

COCOAPODS: 1.5.3
