PODS:
  - Cards (1.3.5):
    - Player (= 0.13.0)
  - Player (0.13.0)

DEPENDENCIES:
  - Cards (from `../`)

SPEC REPOS:
  https://github.com/cocoapods/specs.git:
    - Player

EXTERNAL SOURCES:
  Cards:
    :path: "../"

SPEC CHECKSUMS:
  Cards: 19bdbd7d891d83d5d36f3e4423e68e29a2ad215a
  Player: 968d8d07d923bcdd6f7e4091c9e306eb44a5f7a4

PODFILE CHECKSUM: 1c52c57701e5a2124294248068eef20a103c5b0e

COCOAPODS: 1.5.3
